
Microsoft Visual Studio Solution File, Format Version 12.00
# Visual Studio Version 17
VisualStudioVersion = 17.5.2.0
MinimumVisualStudioVersion = 10.0.40219.1
Project("{2150E333-8FDC-42A3-9474-1A3956D46DE8}") = "backend", "backend", "{1AE8ACA6-933B-BF2A-3671-3E2EAC007D16}"
EndProject
Project("{FAE04EC0-301F-11D3-BF4B-00C04F79EFBC}") = "SAAIA.Backend", "backend\SAAIA.Backend\SAAIA.Backend.csproj", "{B21CDBF1-83AC-02E8-C723-C138F5E94F6B}"
EndProject
Project("{2150E333-8FDC-42A3-9474-1A3956D46DE8}") = "contracts", "contracts", "{A73F2606-6D4C-3EEE-1759-0E59DCFEF523}"
EndProject
Project("{FAE04EC0-301F-11D3-BF4B-00C04F79EFBC}") = "SAAIA.Contracts", "contracts\SAAIA.Contracts\SAAIA.Contracts.csproj", "{D9485243-FD52-42B7-8B50-80129A34DF46}"
EndProject
Project("{2150E333-8FDC-42A3-9474-1A3956D46DE8}") = "client", "client", "{2CB42F12-E813-91B3-7D11-3220E40BEF4A}"
EndProject
Project("{FAE04EC0-301F-11D3-BF4B-00C04F79EFBC}") = "SAAIA.Client.WinUI", "client\SAAIA.Client.WinUI\SAAIA.Client.WinUI.csproj", "{1372B42B-77B1-4BC7-A22B-C9484744F5BF}"
EndProject
Project("{FAE04EC0-301F-11D3-BF4B-00C04F79EFBC}") = "SAAIA.Client.ToolAgent.Tests", "client\SAAIA.Client.ToolAgent.Tests\SAAIA.Client.ToolAgent.Tests.csproj", "{7C89D54A-8C22-47A5-AF2B-B35D9E8598B2}"
EndProject
Project("{FAE04EC0-301F-11D3-BF4B-00C04F79EFBC}") = "SAAIA.Backend.Tests", "backend\SAAIA.Backend.Tests\SAAIA.Backend.Tests.csproj", "{BB5B6736-C0B0-42DE-A750-A92652A51632}"
EndProject
Project("{2150E333-8FDC-42A3-9474-1A3956D46DE8}") = "tools", "tools", "{F2283F84-AA42-438A-A72B-2EB663078204}"
EndProject
Global
	GlobalSection(SolutionConfigurationPlatforms) = preSolution
		Debug|Any CPU = Debug|Any CPU
		Debug|x64 = Debug|x64
		Debug|x86 = Debug|x86
		Release|Any CPU = Release|Any CPU
		Release|x64 = Release|x64
		Release|x86 = Release|x86
	EndGlobalSection
	GlobalSection(ProjectConfigurationPlatforms) = postSolution
		{B21CDBF1-83AC-02E8-C723-C138F5E94F6B}.Debug|Any CPU.ActiveCfg = Debug|Any CPU
		{B21CDBF1-83AC-02E8-C723-C138F5E94F6B}.Debug|Any CPU.Build.0 = Debug|Any CPU
		{B21CDBF1-83AC-02E8-C723-C138F5E94F6B}.Debug|x64.ActiveCfg = Debug|Any CPU
		{B21CDBF1-83AC-02E8-C723-C138F5E94F6B}.Debug|x64.Build.0 = Debug|Any CPU
		{B21CDBF1-83AC-02E8-C723-C138F5E94F6B}.Debug|x86.ActiveCfg = Debug|Any CPU
		{B21CDBF1-83AC-02E8-C723-C138F5E94F6B}.Debug|x86.Build.0 = Debug|Any CPU
		{B21CDBF1-83AC-02E8-C723-C138F5E94F6B}.Release|Any CPU.ActiveCfg = Release|Any CPU
		{B21CDBF1-83AC-02E8-C723-C138F5E94F6B}.Release|Any CPU.Build.0 = Release|Any CPU
		{B21CDBF1-83AC-02E8-C723-C138F5E94F6B}.Release|x64.ActiveCfg = Release|Any CPU
		{B21CDBF1-83AC-02E8-C723-C138F5E94F6B}.Release|x64.Build.0 = Release|Any CPU
		{B21CDBF1-83AC-02E8-C723-C138F5E94F6B}.Release|x86.ActiveCfg = Release|Any CPU
		{B21CDBF1-83AC-02E8-C723-C138F5E94F6B}.Release|x86.Build.0 = Release|Any CPU
		{D9485243-FD52-42B7-8B50-80129A34DF46}.Debug|Any CPU.ActiveCfg = Debug|Any CPU
		{D9485243-FD52-42B7-8B50-80129A34DF46}.Debug|Any CPU.Build.0 = Debug|Any CPU
		{D9485243-FD52-42B7-8B50-80129A34DF46}.Debug|x64.ActiveCfg = Debug|Any CPU
		{D9485243-FD52-42B7-8B50-80129A34DF46}.Debug|x64.Build.0 = Debug|Any CPU
		{D9485243-FD52-42B7-8B50-80129A34DF46}.Debug|x86.ActiveCfg = Debug|Any CPU
		{D9485243-FD52-42B7-8B50-80129A34DF46}.Debug|x86.Build.0 = Debug|Any CPU
		{D9485243-FD52-42B7-8B50-80129A34DF46}.Release|Any CPU.ActiveCfg = Release|Any CPU
		{D9485243-FD52-42B7-8B50-80129A34DF46}.Release|Any CPU.Build.0 = Release|Any CPU
		{D9485243-FD52-42B7-8B50-80129A34DF46}.Release|x64.ActiveCfg = Release|Any CPU
		{D9485243-FD52-42B7-8B50-80129A34DF46}.Release|x64.Build.0 = Release|Any CPU
		{D9485243-FD52-42B7-8B50-80129A34DF46}.Release|x86.ActiveCfg = Release|Any CPU
		{D9485243-FD52-42B7-8B50-80129A34DF46}.Release|x86.Build.0 = Release|Any CPU
		{1372B42B-77B1-4BC7-A22B-C9484744F5BF}.Debug|Any CPU.ActiveCfg = Debug|x86
		{1372B42B-77B1-4BC7-A22B-C9484744F5BF}.Debug|Any CPU.Build.0 = Debug|x86
		{1372B42B-77B1-4BC7-A22B-C9484744F5BF}.Debug|x64.ActiveCfg = Debug|x64
		{1372B42B-77B1-4BC7-A22B-C9484744F5BF}.Debug|x64.Build.0 = Debug|x64
		{1372B42B-77B1-4BC7-A22B-C9484744F5BF}.Debug|x86.ActiveCfg = Debug|x86
		{1372B42B-77B1-4BC7-A22B-C9484744F5BF}.Debug|x86.Build.0 = Debug|x86
		{1372B42B-77B1-4BC7-A22B-C9484744F5BF}.Release|Any CPU.ActiveCfg = Release|x86
		{1372B42B-77B1-4BC7-A22B-C9484744F5BF}.Release|Any CPU.Build.0 = Release|x86
		{1372B42B-77B1-4BC7-A22B-C9484744F5BF}.Release|x64.ActiveCfg = Release|x64
		{1372B42B-77B1-4BC7-A22B-C9484744F5BF}.Release|x64.Build.0 = Release|x64
		{1372B42B-77B1-4BC7-A22B-C9484744F5BF}.Release|x86.ActiveCfg = Release|x86
		{1372B42B-77B1-4BC7-A22B-C9484744F5BF}.Release|x86.Build.0 = Release|x86
		{7C89D54A-8C22-47A5-AF2B-B35D9E8598B2}.Debug|Any CPU.ActiveCfg = Debug|Any CPU
		{7C89D54A-8C22-47A5-AF2B-B35D9E8598B2}.Debug|Any CPU.Build.0 = Debug|Any CPU
		{7C89D54A-8C22-47A5-AF2B-B35D9E8598B2}.Debug|x64.ActiveCfg = Debug|Any CPU
		{7C89D54A-8C22-47A5-AF2B-B35D9E8598B2}.Debug|x64.Build.0 = Debug|Any CPU
		{7C89D54A-8C22-47A5-AF2B-B35D9E8598B2}.Debug|x86.ActiveCfg = Debug|Any CPU
		{7C89D54A-8C22-47A5-AF2B-B35D9E8598B2}.Debug|x86.Build.0 = Debug|Any CPU
		{7C89D54A-8C22-47A5-AF2B-B35D9E8598B2}.Release|Any CPU.ActiveCfg = Release|Any CPU
		{7C89D54A-8C22-47A5-AF2B-B35D9E8598B2}.Release|Any CPU.Build.0 = Release|Any CPU
		{7C89D54A-8C22-47A5-AF2B-B35D9E8598B2}.Release|x64.ActiveCfg = Release|Any CPU
		{7C89D54A-8C22-47A5-AF2B-B35D9E8598B2}.Release|x64.Build.0 = Release|Any CPU
		{7C89D54A-8C22-47A5-AF2B-B35D9E8598B2}.Release|x86.ActiveCfg = Release|Any CPU
		{7C89D54A-8C22-47A5-AF2B-B35D9E8598B2}.Release|x86.Build.0 = Release|Any CPU
		{BB5B6736-C0B0-42DE-A750-A92652A51632}.Debug|Any CPU.ActiveCfg = Debug|Any CPU
		{BB5B6736-C0B0-42DE-A750-A92652A51632}.Debug|Any CPU.Build.0 = Debug|Any CPU
		{BB5B6736-C0B0-42DE-A750-A92652A51632}.Debug|x64.ActiveCfg = Debug|Any CPU
		{BB5B6736-C0B0-42DE-A750-A92652A51632}.Debug|x64.Build.0 = Debug|Any CPU
		{BB5B6736-C0B0-42DE-A750-A92652A51632}.Debug|x86.ActiveCfg = Debug|Any CPU
		{BB5B6736-C0B0-42DE-A750-A92652A51632}.Debug|x86.Build.0 = Debug|Any CPU
		{BB5B6736-C0B0-42DE-A750-A92652A51632}.Release|Any CPU.ActiveCfg = Release|Any CPU
		{BB5B6736-C0B0-42DE-A750-A92652A51632}.Release|Any CPU.Build.0 = Release|Any CPU
		{BB5B6736-C0B0-42DE-A750-A92652A51632}.Release|x64.ActiveCfg = Release|Any CPU
		{BB5B6736-C0B0-42DE-A750-A92652A51632}.Release|x64.Build.0 = Release|Any CPU
		{BB5B6736-C0B0-42DE-A750-A92652A51632}.Release|x86.ActiveCfg = Release|Any CPU
		{BB5B6736-C0B0-42DE-A750-A92652A51632}.Release|x86.Build.0 = Release|Any CPU
	EndGlobalSection
	GlobalSection(SolutionProperties) = preSolution
		HideSolutionNode = FALSE
	EndGlobalSection
	GlobalSection(NestedProjects) = preSolution
		{B21CDBF1-83AC-02E8-C723-C138F5E94F6B} = {1AE8ACA6-933B-BF2A-3671-3E2EAC007D16}
		{D9485243-FD52-42B7-8B50-80129A34DF46} = {A73F2606-6D4C-3EEE-1759-0E59DCFEF523}
		{1372B42B-77B1-4BC7-A22B-C9484744F5BF} = {2CB42F12-E813-91B3-7D11-3220E40BEF4A}
		{7C89D54A-8C22-47A5-AF2B-B35D9E8598B2} = {2CB42F12-E813-91B3-7D11-3220E40BEF4A}
		{BB5B6736-C0B0-42DE-A750-A92652A51632} = {1AE8ACA6-933B-BF2A-3671-3E2EAC007D16}
	EndGlobalSection
	GlobalSection(ExtensibilityGlobals) = postSolution
		SolutionGuid = {FA45F32F-1448-44EA-9A57-6DF1BAAFCAD9}
	EndGlobalSection
EndGlobal
